// !$*UTF8*$!
{
	archiveVersion = 1;
	classes = {
	};
	objectVersion = 56;
	objects = {

/* Begin PBXBuildFile section */
		3F3FEECD2A7F1E720054AB9C /* AppDelegate.swift in Sources */ = {isa = PBXBuildFile; fileRef = 3F3FEECC2A7F1E720054AB9C /* AppDelegate.swift */; };
		3F3FEECF2A7F1E720054AB9C /* SceneDelegate.swift in Sources */ = {isa = PBXBuildFile; fileRef = 3F3FEECE2A7F1E720054AB9C /* SceneDelegate.swift */; };
		3F3FEED12A7F1E720054AB9C /* ViewController.swift in Sources */ = {isa = PBXBuildFile; fileRef = 3F3FEED02A7F1E720054AB9C /* ViewController.swift */; };
		3F3FEED42A7F1E720054AB9C /* Main.storyboard in Resources */ = {isa = PBXBuildFile; fileRef = 3F3FEED22A7F1E720054AB9C /* Main.storyboard */; };
		3F3FEED62A7F1E740054AB9C /* Assets.xcassets in Resources */ = {isa = PBXBuildFile; fileRef = 3F3FEED52A7F1E740054AB9C /* Assets.xcassets */; };
		3F3FEED92A7F1E740054AB9C /* LaunchScreen.storyboard in Resources */ = {isa = PBXBuildFile; fileRef = 3F3FEED72A7F1E740054AB9C /* LaunchScreen.storyboard */; };
		3F3FEEE42A7F1E740054AB9C /* CircleCiBasicAppTests.swift in Sources */ = {isa = PBXBuildFile; fileRef = 3F3FEEE32A7F1E740054AB9C /* CircleCiBasicAppTests.swift */; };
		3F3FEEEE2A7F1E740054AB9C /* CircleCiBasicAppUITests.swift in Sources */ = {isa = PBXBuildFile; fileRef = 3F3FEEED2A7F1E740054AB9C /* CircleCiBasicAppUITests.swift */; };
		3F3FEEF02A7F1E740054AB9C /* CircleCiBasicAppUITestsLaunchTests.swift in Sources */ = {isa = PBXBuildFile; fileRef = 3F3FEEEF2A7F1E740054AB9C /* CircleCiBasicAppUITestsLaunchTests.swift */; };
/* End PBXBuildFile section */

/* Begin PBXContainerItemProxy section */
		3F3FEEE02A7F1E740054AB9C /* PBXContainerItemProxy */ = {
			isa = PBXContainerItemProxy;
			containerPortal = 3F3FEEC12A7F1E720054AB9C /* Project object */;
			proxyType = 1;
			remoteGlobalIDString = 3F3FEEC82A7F1E720054AB9C;
			remoteInfo = CircleCiBasicApp;
		};
		3F3FEEEA2A7F1E740054AB9C /* PBXContainerItemProxy */ = {
			isa = PBXContainerItemProxy;
			containerPortal = 3F3FEEC12A7F1E720054AB9C /* Project object */;
			proxyType = 1;
			remoteGlobalIDString = 3F3FEEC82A7F1E720054AB9C;
			remoteInfo = CircleCiBasicApp;
		};
/* End PBXContainerItemProxy section */

/* Begin PBXFileReference section */
		3F3FEEC92A7F1E720054AB9C /* CircleCiBasicApp.app */ = {isa = PBXFileReference; explicitFileType = wrapper.application; includeInIndex = 0; path = CircleCiBasicApp.app; sourceTree = BUILT_PRODUCTS_DIR; };
		3F3FEECC2A7F1E720054AB9C /* AppDelegate.swift */ = {isa = PBXFileReference; lastKnownFileType = sourcecode.swift; path = AppDelegate.swift; sourceTree = "<group>"; };
		3F3FEECE2A7F1E720054AB9C /* SceneDelegate.swift */ = {isa = PBXFileReference; lastKnownFileType = sourcecode.swift; path = SceneDelegate.swift; sourceTree = "<group>"; };
		3F3FEED02A7F1E720054AB9C /* ViewController.swift */ = {isa = PBXFileReference; lastKnownFileType = sourcecode.swift; path = ViewController.swift; sourceTree = "<group>"; };
		3F3FEED32A7F1E720054AB9C /* Base */ = {isa = PBXFileReference; lastKnownFileType = file.storyboard; name = Base; path = Base.lproj/Main.storyboard; sourceTree = "<group>"; };
		3F3FEED52A7F1E740054AB9C /* Assets.xcassets */ = {isa = PBXFileReference; lastKnownFileType = folder.assetcatalog; path = Assets.xcassets; sourceTree = "<group>"; };
		3F3FEED82A7F1E740054AB9C /* Base */ = {isa = PBXFileReference; lastKnownFileType = file.storyboard; name = Base; path = Base.lproj/LaunchScreen.storyboard; sourceTree = "<group>"; };
		3F3FEEDA2A7F1E740054AB9C /* Info.plist */ = {isa = PBXFileReference; lastKnownFileType = text.plist.xml; path = Info.plist; sourceTree = "<group>"; };
		3F3FEEDF2A7F1E740054AB9C /* CircleCiBasicAppTests.xctest */ = {isa = PBXFileReference; explicitFileType = wrapper.cfbundle; includeInIndex = 0; path = CircleCiBasicAppTests.xctest; sourceTree = BUILT_PRODUCTS_DIR; };
		3F3FEEE32A7F1E740054AB9C /* CircleCiBasicAppTests.swift */ = {isa = PBXFileReference; lastKnownFileType = sourcecode.swift; path = CircleCiBasicAppTests.swift; sourceTree = "<group>"; };
		3F3FEEE92A7F1E740054AB9C /* CircleCiBasicAppUITests.xctest */ = {isa = PBXFileReference; explicitFileType = wrapper.cfbundle; includeInIndex = 0; path = CircleCiBasicAppUITests.xctest; sourceTree = BUILT_PRODUCTS_DIR; };
		3F3FEEED2A7F1E740054AB9C /* CircleCiBasicAppUITests.swift */ = {isa = PBXFileReference; lastKnownFileType = sourcecode.swift; path = CircleCiBasicAppUITests.swift; sourceTree = "<group>"; };
		3F3FEEEF2A7F1E740054AB9C /* CircleCiBasicAppUITestsLaunchTests.swift */ = {isa = PBXFileReference; lastKnownFileType = sourcecode.swift; path = CircleCiBasicAppUITestsLaunchTests.swift; sourceTree = "<group>"; };
/* End PBXFileReference section */

/* Begin PBXFrameworksBuildPhase section */
		3F3FEEC62A7F1E720054AB9C /* Frameworks */ = {
			isa = PBXFrameworksBuildPhase;
			buildActionMask = 2147483647;
			files = (
			);
			runOnlyForDeploymentPostprocessing = 0;
		};
		3F3FEEDC2A7F1E740054AB9C /* Frameworks */ = {
			isa = PBXFrameworksBuildPhase;
			buildActionMask = 2147483647;
			files = (
			);
			runOnlyForDeploymentPostprocessing = 0;
		};
		3F3FEEE62A7F1E740054AB9C /* Frameworks */ = {
			isa = PBXFrameworksBuildPhase;
			buildActionMask = 2147483647;
			files = (
			);
			runOnlyForDeploymentPostprocessing = 0;
		};
/* End PBXFrameworksBuildPhase section */

/* Begin PBXGroup section */
		3F3FEEC02A7F1E720054AB9C = {
			isa = PBXGroup;
			children = (
				3F3FEECB2A7F1E720054AB9C /* CircleCiBasicApp */,
				3F3FEEE22A7F1E740054AB9C /* CircleCiBasicAppTests */,
				3F3FEEEC2A7F1E740054AB9C /* CircleCiBasicAppUITests */,
				3F3FEECA2A7F1E720054AB9C /* Products */,
			);
			sourceTree = "<group>";
		};
		3F3FEECA2A7F1E720054AB9C /* Products */ = {
			isa = PBXGroup;
			children = (
				3F3FEEC92A7F1E720054AB9C /* CircleCiBasicApp.app */,
				3F3FEEDF2A7F1E740054AB9C /* CircleCiBasicAppTests.xctest */,
				3F3FEEE92A7F1E740054AB9C /* CircleCiBasicAppUITests.xctest */,
			);
			name = Products;
			sourceTree = "<group>";
		};
		3F3FEECB2A7F1E720054AB9C /* CircleCiBasicApp */ = {
			isa = PBXGroup;
			children = (
				3F3FEECC2A7F1E720054AB9C /* AppDelegate.swift */,
				3F3FEECE2A7F1E720054AB9C /* SceneDelegate.swift */,
				3F3FEED02A7F1E720054AB9C /* ViewController.swift */,
				3F3FEED22A7F1E720054AB9C /* Main.storyboard */,
				3F3FEED52A7F1E740054AB9C /* Assets.xcassets */,
				3F3FEED72A7F1E740054AB9C /* LaunchScreen.storyboard */,
				3F3FEEDA2A7F1E740054AB9C /* Info.plist */,
			);
			path = CircleCiBasicApp;
			sourceTree = "<group>";
		};
		3F3FEEE22A7F1E740054AB9C /* CircleCiBasicAppTests */ = {
			isa = PBXGroup;
			children = (
				3F3FEEE32A7F1E740054AB9C /* CircleCiBasicAppTests.swift */,
			);
			path = CircleCiBasicAppTests;
			sourceTree = "<group>";
		};
		3F3FEEEC2A7F1E740054AB9C /* CircleCiBasicAppUITests */ = {
			isa = PBXGroup;
			children = (
				3F3FEEED2A7F1E740054AB9C /* CircleCiBasicAppUITests.swift */,
				3F3FEEEF2A7F1E740054AB9C /* CircleCiBasicAppUITestsLaunchTests.swift */,
			);
			path = CircleCiBasicAppUITests;
			sourceTree = "<group>";
		};
/* End PBXGroup section */

/* Begin PBXNativeTarget section */
		3F3FEEC82A7F1E720054AB9C /* CircleCiBasicApp */ = {
			isa = PBXNativeTarget;
			buildConfigurationList = 3F3FEEF32A7F1E740054AB9C /* Build configuration list for PBXNativeTarget "CircleCiBasicApp" */;
			buildPhases = (
				3F3FEEC52A7F1E720054AB9C /* Sources */,
				3F3FEEC62A7F1E720054AB9C /* Frameworks */,
				3F3FEEC72A7F1E720054AB9C /* Resources */,
			);
			buildRules = (
			);
			dependencies = (
			);
			name = CircleCiBasicApp;
			productName = CircleCiBasicApp;
			productReference = 3F3FEEC92A7F1E720054AB9C /* CircleCiBasicApp.app */;
			productType = "com.apple.product-type.application";
		};
		3F3FEEDE2A7F1E740054AB9C /* CircleCiBasicAppTests */ = {
			isa = PBXNativeTarget;
			buildConfigurationList = 3F3FEEF62A7F1E740054AB9C /* Build configuration list for PBXNativeTarget "CircleCiBasicAppTests" */;
			buildPhases = (
				3F3FEEDB2A7F1E740054AB9C /* Sources */,
				3F3FEEDC2A7F1E740054AB9C /* Frameworks */,
				3F3FEEDD2A7F1E740054AB9C /* Resources */,
			);
			buildRules = (
			);
			dependencies = (
				3F3FEEE12A7F1E740054AB9C /* PBXTargetDependency */,
			);
			name = CircleCiBasicAppTests;
			productName = CircleCiBasicAppTests;
			productReference = 3F3FEEDF2A7F1E740054AB9C /* CircleCiBasicAppTests.xctest */;
			productType = "com.apple.product-type.bundle.unit-test";
		};
		3F3FEEE82A7F1E740054AB9C /* CircleCiBasicAppUITests */ = {
			isa = PBXNativeTarget;
			buildConfigurationList = 3F3FEEF92A7F1E740054AB9C /* Build configuration list for PBXNativeTarget "CircleCiBasicAppUITests" */;
			buildPhases = (
				3F3FEEE52A7F1E740054AB9C /* Sources */,
				3F3FEEE62A7F1E740054AB9C /* Frameworks */,
				3F3FEEE72A7F1E740054AB9C /* Resources */,
			);
			buildRules = (
			);
			dependencies = (
				3F3FEEEB2A7F1E740054AB9C /* PBXTargetDependency */,
			);
			name = CircleCiBasicAppUITests;
			productName = CircleCiBasicAppUITests;
			productReference = 3F3FEEE92A7F1E740054AB9C /* CircleCiBasicAppUITests.xctest */;
			productType = "com.apple.product-type.bundle.ui-testing";
		};
/* End PBXNativeTarget section */

/* Begin PBXProject section */
		3F3FEEC12A7F1E720054AB9C /* Project object */ = {
			isa = PBXProject;
			attributes = {
				BuildIndependentTargetsInParallel = 1;
				LastSwiftUpdateCheck = 1430;
				LastUpgradeCheck = 1430;
				TargetAttributes = {
					3F3FEEC82A7F1E720054AB9C = {
						CreatedOnToolsVersion = 14.3;
					};
					3F3FEEDE2A7F1E740054AB9C = {
						CreatedOnToolsVersion = 14.3;
						TestTargetID = 3F3FEEC82A7F1E720054AB9C;
					};
					3F3FEEE82A7F1E740054AB9C = {
						CreatedOnToolsVersion = 14.3;
						TestTargetID = 3F3FEEC82A7F1E720054AB9C;
					};
				};
			};
			buildConfigurationList = 3F3FEEC42A7F1E720054AB9C /* Build configuration list for PBXProject "CircleCiBasicApp" */;
			compatibilityVersion = "Xcode 14.0";
			developmentRegion = en;
			hasScannedForEncodings = 0;
			knownRegions = (
				en,
				Base,
			);
			mainGroup = 3F3FEEC02A7F1E720054AB9C;
			productRefGroup = 3F3FEECA2A7F1E720054AB9C /* Products */;
			projectDirPath = "";
			projectRoot = "";
			targets = (
				3F3FEEC82A7F1E720054AB9C /* CircleCiBasicApp */,
				3F3FEEDE2A7F1E740054AB9C /* CircleCiBasicAppTests */,
				3F3FEEE82A7F1E740054AB9C /* CircleCiBasicAppUITests */,
			);
		};
/* End PBXProject section */

/* Begin PBXResourcesBuildPhase section */
		3F3FEEC72A7F1E720054AB9C /* Resources */ = {
			isa = PBXResourcesBuildPhase;
			buildActionMask = 2147483647;
			files = (
				3F3FEED92A7F1E740054AB9C /* LaunchScreen.storyboard in Resources */,
				3F3FEED62A7F1E740054AB9C /* Assets.xcassets in Resources */,
				3F3FEED42A7F1E720054AB9C /* Main.storyboard in Resources */,
			);
			runOnlyForDeploymentPostprocessing = 0;
		};
		3F3FEEDD2A7F1E740054AB9C /* Resources */ = {
			isa = PBXResourcesBuildPhase;
			buildActionMask = 2147483647;
			files = (
			);
			runOnlyForDeploymentPostprocessing = 0;
		};
		3F3FEEE72A7F1E740054AB9C /* Resources */ = {
			isa = PBXResourcesBuildPhase;
			buildActionMask = 2147483647;
			files = (
			);
			runOnlyForDeploymentPostprocessing = 0;
		};
/* End PBXResourcesBuildPhase section */

/* Begin PBXSourcesBuildPhase section */
		3F3FEEC52A7F1E720054AB9C /* Sources */ = {
			isa = PBXSourcesBuildPhase;
			buildActionMask = 2147483647;
			files = (
				3F3FEED12A7F1E720054AB9C /* ViewController.swift in Sources */,
				3F3FEECD2A7F1E720054AB9C /* AppDelegate.swift in Sources */,
				3F3FEECF2A7F1E720054AB9C /* SceneDelegate.swift in Sources */,
			);
			runOnlyForDeploymentPostprocessing = 0;
		};
		3F3FEEDB2A7F1E740054AB9C /* Sources */ = {
			isa = PBXSourcesBuildPhase;
			buildActionMask = 2147483647;
			files = (
				3F3FEEE42A7F1E740054AB9C /* CircleCiBasicAppTests.swift in Sources */,
			);
			runOnlyForDeploymentPostprocessing = 0;
		};
		3F3FEEE52A7F1E740054AB9C /* Sources */ = {
			isa = PBXSourcesBuildPhase;
			buildActionMask = 2147483647;
			files = (
				3F3FEEEE2A7F1E740054AB9C /* CircleCiBasicAppUITests.swift in Sources */,
				3F3FEEF02A7F1E740054AB9C /* CircleCiBasicAppUITestsLaunchTests.swift in Sources */,
			);
			runOnlyForDeploymentPostprocessing = 0;
		};
/* End PBXSourcesBuildPhase section */

/* Begin PBXTargetDependency section */
		3F3FEEE12A7F1E740054AB9C /* PBXTargetDependency */ = {
			isa = PBXTargetDependency;
			target = 3F3FEEC82A7F1E720054AB9C /* CircleCiBasicApp */;
			targetProxy = 3F3FEEE02A7F1E740054AB9C /* PBXContainerItemProxy */;
		};
		3F3FEEEB2A7F1E740054AB9C /* PBXTargetDependency */ = {
			isa = PBXTargetDependency;
			target = 3F3FEEC82A7F1E720054AB9C /* CircleCiBasicApp */;
			targetProxy = 3F3FEEEA2A7F1E740054AB9C /* PBXContainerItemProxy */;
		};
/* End PBXTargetDependency section */

/* Begin PBXVariantGroup section */
		3F3FEED22A7F1E720054AB9C /* Main.storyboard */ = {
			isa = PBXVariantGroup;
			children = (
				3F3FEED32A7F1E720054AB9C /* Base */,
			);
			name = Main.storyboard;
			sourceTree = "<group>";
		};
		3F3FEED72A7F1E740054AB9C /* LaunchScreen.storyboard */ = {
			isa = PBXVariantGroup;
			children = (
				3F3FEED82A7F1E740054AB9C /* Base */,
			);
			name = LaunchScreen.storyboard;
			sourceTree = "<group>";
		};
/* End PBXVariantGroup section */

/* Begin XCBuildConfiguration section */
		3F3FEEF12A7F1E740054AB9C /* Debug */ = {
			isa = XCBuildConfiguration;
			buildSettings = {
				ALWAYS_SEARCH_USER_PATHS = NO;
				CLANG_ANALYZER_NONNULL = YES;
				CLANG_ANALYZER_NUMBER_OBJECT_CONVERSION = YES_AGGRESSIVE;
				CLANG_CXX_LANGUAGE_STANDARD = "gnu++20";
				CLANG_ENABLE_MODULES = YES;
				CLANG_ENABLE_OBJC_ARC = YES;
				CLANG_ENABLE_OBJC_WEAK = YES;
				CLANG_WARN_BLOCK_CAPTURE_AUTORELEASING = YES;
				CLANG_WARN_BOOL_CONVERSION = YES;
				CLANG_WARN_COMMA = YES;
				CLANG_WARN_CONSTANT_CONVERSION = YES;
				CLANG_WARN_DEPRECATED_OBJC_IMPLEMENTATIONS = YES;
				CLANG_WARN_DIRECT_OBJC_ISA_USAGE = YES_ERROR;
				CLANG_WARN_DOCUMENTATION_COMMENTS = YES;
				CLANG_WARN_EMPTY_BODY = YES;
				CLANG_WARN_ENUM_CONVERSION = YES;
				CLANG_WARN_INFINITE_RECURSION = YES;
				CLANG_WARN_INT_CONVERSION = YES;
				CLANG_WARN_NON_LITERAL_NULL_CONVERSION = YES;
				CLANG_WARN_OBJC_IMPLICIT_RETAIN_SELF = YES;
				CLANG_WARN_OBJC_LITERAL_CONVERSION = YES;
				CLANG_WARN_OBJC_ROOT_CLASS = YES_ERROR;
				CLANG_WARN_QUOTED_INCLUDE_IN_FRAMEWORK_HEADER = YES;
				CLANG_WARN_RANGE_LOOP_ANALYSIS = YES;
				CLANG_WARN_STRICT_PROTOTYPES = YES;
				CLANG_WARN_SUSPICIOUS_MOVE = YES;
				CLANG_WARN_UNGUARDED_AVAILABILITY = YES_AGGRESSIVE;
				CLANG_WARN_UNREACHABLE_CODE = YES;
				CLANG_WARN__DUPLICATE_METHOD_MATCH = YES;
				COPY_PHASE_STRIP = NO;
				DEBUG_INFORMATION_FORMAT = dwarf;
				ENABLE_STRICT_OBJC_MSGSEND = YES;
				ENABLE_TESTABILITY = YES;
				GCC_C_LANGUAGE_STANDARD = gnu11;
				GCC_DYNAMIC_NO_PIC = NO;
				GCC_NO_COMMON_BLOCKS = YES;
				GCC_OPTIMIZATION_LEVEL = 0;
				GCC_PREPROCESSOR_DEFINITIONS = (
					"DEBUG=1",
					"$(inherited)",
				);
				GCC_WARN_64_TO_32_BIT_CONVERSION = YES;
				GCC_WARN_ABOUT_RETURN_TYPE = YES_ERROR;
				GCC_WARN_UNDECLARED_SELECTOR = YES;
				GCC_WARN_UNINITIALIZED_AUTOS = YES_AGGRESSIVE;
				GCC_WARN_UNUSED_FUNCTION = YES;
				GCC_WARN_UNUSED_VARIABLE = YES;
				IPHONEOS_DEPLOYMENT_TARGET = 16.4;
				MTL_ENABLE_DEBUG_INFO = INCLUDE_SOURCE;
				MTL_FAST_MATH = YES;
				ONLY_ACTIVE_ARCH = YES;
				SDKROOT = iphoneos;
				SWIFT_ACTIVE_COMPILATION_CONDITIONS = DEBUG;
				SWIFT_OPTIMIZATION_LEVEL = "-Onone";
			};
			name = Debug;
		};
		3F3FEEF22A7F1E740054AB9C /* Release */ = {
			isa = XCBuildConfiguration;
			buildSettings = {
				ALWAYS_SEARCH_USER_PATHS = NO;
				CLANG_ANALYZER_NONNULL = YES;
				CLANG_ANALYZER_NUMBER_OBJECT_CONVERSION = YES_AGGRESSIVE;
				CLANG_CXX_LANGUAGE_STANDARD = "gnu++20";
				CLANG_ENABLE_MODULES = YES;
				CLANG_ENABLE_OBJC_ARC = YES;
				CLANG_ENABLE_OBJC_WEAK = YES;
				CLANG_WARN_BLOCK_CAPTURE_AUTORELEASING = YES;
				CLANG_WARN_BOOL_CONVERSION = YES;
				CLANG_WARN_COMMA = YES;
				CLANG_WARN_CONSTANT_CONVERSION = YES;
				CLANG_WARN_DEPRECATED_OBJC_IMPLEMENTATIONS = YES;
				CLANG_WARN_DIRECT_OBJC_ISA_USAGE = YES_ERROR;
				CLANG_WARN_DOCUMENTATION_COMMENTS = YES;
				CLANG_WARN_EMPTY_BODY = YES;
				CLANG_WARN_ENUM_CONVERSION = YES;
				CLANG_WARN_INFINITE_RECURSION = YES;
				CLANG_WARN_INT_CONVERSION = YES;
				CLANG_WARN_NON_LITERAL_NULL_CONVERSION = YES;
				CLANG_WARN_OBJC_IMPLICIT_RETAIN_SELF = YES;
				CLANG_WARN_OBJC_LITERAL_CONVERSION = YES;
				CLANG_WARN_OBJC_ROOT_CLASS = YES_ERROR;
				CLANG_WARN_QUOTED_INCLUDE_IN_FRAMEWORK_HEADER = YES;
				CLANG_WARN_RANGE_LOOP_ANALYSIS = YES;
				CLANG_WARN_STRICT_PROTOTYPES = YES;
				CLANG_WARN_SUSPICIOUS_MOVE = YES;
				CLANG_WARN_UNGUARDED_AVAILABILITY = YES_AGGRESSIVE;
				CLANG_WARN_UNREACHABLE_CODE = YES;
				CLANG_WARN__DUPLICATE_METHOD_MATCH = YES;
				COPY_PHASE_STRIP = NO;
				DEBUG_INFORMATION_FORMAT = "dwarf-with-dsym";
				ENABLE_NS_ASSERTIONS = NO;
				ENABLE_STRICT_OBJC_MSGSEND = YES;
				GCC_C_LANGUAGE_STANDARD = gnu11;
				GCC_NO_COMMON_BLOCKS = YES;
				GCC_WARN_64_TO_32_BIT_CONVERSION = YES;
				GCC_WARN_ABOUT_RETURN_TYPE = YES_ERROR;
				GCC_WARN_UNDECLARED_SELECTOR = YES;
				GCC_WARN_UNINITIALIZED_AUTOS = YES_AGGRESSIVE;
				GCC_WARN_UNUSED_FUNCTION = YES;
				GCC_WARN_UNUSED_VARIABLE = YES;
				IPHONEOS_DEPLOYMENT_TARGET = 16.4;
				MTL_ENABLE_DEBUG_INFO = NO;
				MTL_FAST_MATH = YES;
				SDKROOT = iphoneos;
				SWIFT_COMPILATION_MODE = wholemodule;
				SWIFT_OPTIMIZATION_LEVEL = "-O";
				VALIDATE_PRODUCT = YES;
			};
			name = Release;
		};
		3F3FEEF42A7F1E740054AB9C /* Debug */ = {
			isa = XCBuildConfiguration;
			buildSettings = {
				ASSETCATALOG_COMPILER_APPICON_NAME = AppIcon;
				ASSETCATALOG_COMPILER_GLOBAL_ACCENT_COLOR_NAME = AccentColor;
				CODE_SIGN_STYLE = Automatic;
				CURRENT_PROJECT_VERSION = 1;
				GENERATE_INFOPLIST_FILE = YES;
				INFOPLIST_FILE = CircleCiBasicApp/Info.plist;
				INFOPLIST_KEY_UIApplicationSupportsIndirectInputEvents = YES;
				INFOPLIST_KEY_UILaunchStoryboardName = LaunchScreen;
				INFOPLIST_KEY_UIMainStoryboardFile = Main;
				INFOPLIST_KEY_UISupportedInterfaceOrientations_iPad = "UIInterfaceOrientationPortrait UIInterfaceOrientationPortraitUpsideDown UIInterfaceOrientationLandscapeLeft UIInterfaceOrientationLandscapeRight";
				INFOPLIST_KEY_UISupportedInterfaceOrientations_iPhone = "UIInterfaceOrientationPortrait UIInterfaceOrientationLandscapeLeft UIInterfaceOrientationLandscapeRight";
				LD_RUNPATH_SEARCH_PATHS = (
					"$(inherited)",
					"@executable_path/Frameworks",
				);
				MARKETING_VERSION = 1.0;
				PRODUCT_BUNDLE_IDENTIFIER = iOS.Deedeepya.com.CircleCiBasicApp;
				PRODUCT_NAME = "$(TARGET_NAME)";
				SWIFT_EMIT_LOC_STRINGS = YES;
				SWIFT_VERSION = 5.0;
				TARGETED_DEVICE_FAMILY = "1,2";
			};
			name = Debug;
		};
		3F3FEEF52A7F1E740054AB9C /* Release */ = {
			isa = XCBuildConfiguration;
			buildSettings = {
				ASSETCATALOG_COMPILER_APPICON_NAME = AppIcon;
				ASSETCATALOG_COMPILER_GLOBAL_ACCENT_COLOR_NAME = AccentColor;
				CODE_SIGN_STYLE = Automatic;
				CURRENT_PROJECT_VERSION = 1;
				GENERATE_INFOPLIST_FILE = YES;
				INFOPLIST_FILE = CircleCiBasicApp/Info.plist;
				INFOPLIST_KEY_UIApplicationSupportsIndirectInputEvents = YES;
				INFOPLIST_KEY_UILaunchStoryboardName = LaunchScreen;
				INFOPLIST_KEY_UIMainStoryboardFile = Main;
				INFOPLIST_KEY_UISupportedInterfaceOrientations_iPad = "UIInterfaceOrientationPortrait UIInterfaceOrientationPortraitUpsideDown UIInterfaceOrientationLandscapeLeft UIInterfaceOrientationLandscapeRight";
				INFOPLIST_KEY_UISupportedInterfaceOrientations_iPhone = "UIInterfaceOrientationPortrait UIInterfaceOrientationLandscapeLeft UIInterfaceOrientationLandscapeRight";
				LD_RUNPATH_SEARCH_PATHS = (
					"$(inherited)",
					"@executable_path/Frameworks",
				);
				MARKETING_VERSION = 1.0;
				PRODUCT_BUNDLE_IDENTIFIER = iOS.Deedeepya.com.CircleCiBasicApp;
				PRODUCT_NAME = "$(TARGET_NAME)";
				SWIFT_EMIT_LOC_STRINGS = YES;
				SWIFT_VERSION = 5.0;
				TARGETED_DEVICE_FAMILY = "1,2";
			};
			name = Release;
		};
		3F3FEEF72A7F1E740054AB9C /* Debug */ = {
			isa = XCBuildConfiguration;
			buildSettings = {
				ALWAYS_EMBED_SWIFT_STANDARD_LIBRARIES = YES;
				BUNDLE_LOADER = "$(TEST_HOST)";
				CODE_SIGN_STYLE = Automatic;
				CURRENT_PROJECT_VERSION = 1;
				GENERATE_INFOPLIST_FILE = YES;
				IPHONEOS_DEPLOYMENT_TARGET = 16.4;
				MARKETING_VERSION = 1.0;
				PRODUCT_BUNDLE_IDENTIFIER = iOS.Deedeepya.com.CircleCiBasicAppTests;
				PRODUCT_NAME = "$(TARGET_NAME)";
				SWIFT_EMIT_LOC_STRINGS = NO;
				SWIFT_VERSION = 5.0;
				TARGETED_DEVICE_FAMILY = "1,2";
				TEST_HOST = "$(BUILT_PRODUCTS_DIR)/CircleCiBasicApp.app/$(BUNDLE_EXECUTABLE_FOLDER_PATH)/CircleCiBasicApp";
			};
			name = Debug;
		};
		3F3FEEF82A7F1E740054AB9C /* Release */ = {
			isa = XCBuildConfiguration;
			buildSettings = {
				ALWAYS_EMBED_SWIFT_STANDARD_LIBRARIES = YES;
				BUNDLE_LOADER = "$(TEST_HOST)";
				CODE_SIGN_STYLE = Automatic;
				CURRENT_PROJECT_VERSION = 1;
				GENERATE_INFOPLIST_FILE = YES;
				IPHONEOS_DEPLOYMENT_TARGET = 16.4;
				MARKETING_VERSION = 1.0;
				PRODUCT_BUNDLE_IDENTIFIER = iOS.Deedeepya.com.CircleCiBasicAppTests;
				PRODUCT_NAME = "$(TARGET_NAME)";
				SWIFT_EMIT_LOC_STRINGS = NO;
				SWIFT_VERSION = 5.0;
				TARGETED_DEVICE_FAMILY = "1,2";
				TEST_HOST = "$(BUILT_PRODUCTS_DIR)/CircleCiBasicApp.app/$(BUNDLE_EXECUTABLE_FOLDER_PATH)/CircleCiBasicApp";
			};
			name = Release;
		};
		3F3FEEFA2A7F1E740054AB9C /* Debug */ = {
			isa = XCBuildConfiguration;
			buildSettings = {
				ALWAYS_EMBED_SWIFT_STANDARD_LIBRARIES = YES;
				CODE_SIGN_STYLE = Automatic;
				CURRENT_PROJECT_VERSION = 1;
				GENERATE_INFOPLIST_FILE = YES;
				MARKETING_VERSION = 1.0;
				PRODUCT_BUNDLE_IDENTIFIER = iOS.Deedeepya.com.CircleCiBasicAppUITests;
				PRODUCT_NAME = "$(TARGET_NAME)";
				SWIFT_EMIT_LOC_STRINGS = NO;
				SWIFT_VERSION = 5.0;
				TARGETED_DEVICE_FAMILY = "1,2";
				TEST_TARGET_NAME = CircleCiBasicApp;
			};
			name = Debug;
		};
		3F3FEEFB2A7F1E740054AB9C /* Release */ = {
			isa = XCBuildConfiguration;
			buildSettings = {
				ALWAYS_EMBED_SWIFT_STANDARD_LIBRARIES = YES;
				CODE_SIGN_STYLE = Automatic;
				CURRENT_PROJECT_VERSION = 1;
				GENERATE_INFOPLIST_FILE = YES;
				MARKETING_VERSION = 1.0;
				PRODUCT_BUNDLE_IDENTIFIER = iOS.Deedeepya.com.CircleCiBasicAppUITests;
				PRODUCT_NAME = "$(TARGET_NAME)";
				SWIFT_EMIT_LOC_STRINGS = NO;
				SWIFT_VERSION = 5.0;
				TARGETED_DEVICE_FAMILY = "1,2";
				TEST_TARGET_NAME = CircleCiBasicApp;
			};
			name = Release;
		};
/* End XCBuildConfiguration section */

/* Begin XCConfigurationList section */
		3F3FEEC42A7F1E720054AB9C /* Build configuration list for PBXProject "CircleCiBasicApp" */ = {
			isa = XCConfigurationList;
			buildConfigurations = (
				3F3FEEF12A7F1E740054AB9C /* Debug */,
				3F3FEEF22A7F1E740054AB9C /* Release */,
			);
			defaultConfigurationIsVisible = 0;
			defaultConfigurationName = Release;
		};
		3F3FEEF32A7F1E740054AB9C /* Build configuration list for PBXNativeTarget "CircleCiBasicApp" */ = {
			isa = XCConfigurationList;
			buildConfigurations = (
				3F3FEEF42A7F1E740054AB9C /* Debug */,
				3F3FEEF52A7F1E740054AB9C /* Release */,
			);
			defaultConfigurationIsVisible = 0;
			defaultConfigurationName = Release;
		};
		3F3FEEF62A7F1E740054AB9C /* Build configuration list for PBXNativeTarget "CircleCiBasicAppTests" */ = {
			isa = XCConfigurationList;
			buildConfigurations = (
				3F3FEEF72A7F1E740054AB9C /* Debug */,
				3F3FEEF82A7F1E740054AB9C /* Release */,
			);
			defaultConfigurationIsVisible = 0;
			defaultConfigurationName = Release;
		};
		3F3FEEF92A7F1E740054AB9C /* Build configuration list for PBXNativeTarget "CircleCiBasicAppUITests" */ = {
			isa = XCConfigurationList;
			buildConfigurations = (
				3F3FEEFA2A7F1E740054AB9C /* Debug */,
				3F3FEEFB2A7F1E740054AB9C /* Release */,
			);
			defaultConfigurationIsVisible = 0;
			defaultConfigurationName = Release;
		};
/* End XCConfigurationList section */
	};
	rootObject = 3F3FEEC12A7F1E720054AB9C /* Project object */;
}
